
Microsoft Visual Studio Solution File, Format Version 12.00
# Visual Studio Version 17
VisualStudioVersion = 17.5.002.0
MinimumVisualStudioVersion = 10.0.40219.1
Project("{9A19103F-16F7-4668-BE54-9A1E7A4F7556}") = "Parakeet - Backup.NetCore.GrpcLessonServer", "Parakeet - Backup.NetCore.GrpcLessonServer.csproj", "{B6A688A5-7EE0-452D-A18A-B22E65A1A310}"
EndProject
Project("{9A19103F-16F7-4668-BE54-9A1E7A4F7556}") = "Parakeet.Net.GrpcLessonServer", "Parakeet.Net.GrpcLessonServer.csproj", "{77C562C5-9F56-4B29-A489-E4C03A2D8360}"
EndProject
Global
	GlobalSection(SolutionConfigurationPlatforms) = preSolution
		Debug|Any CPU = Debug|Any CPU
		Release|Any CPU = Release|Any CPU
	EndGlobalSection
	GlobalSection(ProjectConfigurationPlatforms) = postSolution
		{B6A688A5-7EE0-452D-A18A-B22E65A1A310}.Debug|Any CPU.ActiveCfg = Debug|Any CPU
		{B6A688A5-7EE0-452D-A18A-B22E65A1A310}.Debug|Any CPU.Build.0 = Debug|Any CPU
		{B6A688A5-7EE0-452D-A18A-B22E65A1A310}.Release|Any CPU.ActiveCfg = Release|Any CPU
		{B6A688A5-7EE0-452D-A18A-B22E65A1A310}.Release|Any CPU.Build.0 = Release|Any CPU
		{77C562C5-9F56-4B29-A489-E4C03A2D8360}.Debug|Any CPU.ActiveCfg = Debug|Any CPU
		{77C562C5-9F56-4B29-A489-E4C03A2D8360}.Debug|Any CPU.Build.0 = Debug|Any CPU
		{77C562C5-9F56-4B29-A489-E4C03A2D8360}.Release|Any CPU.ActiveCfg = Release|Any CPU
		{77C562C5-9F56-4B29-A489-E4C03A2D8360}.Release|Any CPU.Build.0 = Release|Any CPU
	EndGlobalSection
	GlobalSection(SolutionProperties) = preSolution
		HideSolutionNode = FALSE
	EndGlobalSection
	GlobalSection(ExtensibilityGlobals) = postSolution
		SolutionGuid = {19B67FD0-1185-4498-9FEA-17255AEDF77C}
	EndGlobalSection
EndGlobal
